
Microsoft Visual Studio Solution File, Format Version 12.00
# Visual Studio Version 17
VisualStudioVersion = 17.14.36518.9 d17.14
MinimumVisualStudioVersion = 10.0.40219.1
Project("{FAE04EC0-301F-11D3-BF4B-00C04F79EFBC}") = "TodoServerApp", "TodoServerApp\TodoServerApp.csproj", "{DBF2D5D5-F3ED-44D7-8499-D2632DEBAB48}"
EndProject
Global
	GlobalSection(SolutionConfigurationPlatforms) = preSolution
		Debug|Any CPU = Debug|Any CPU
		Release|Any CPU = Release|Any CPU
	EndGlobalSection
	GlobalSection(ProjectConfigurationPlatforms) = postSolution
		{DBF2D5D5-F3ED-44D7-8499-D2632DEBAB48}.Debug|Any CPU.ActiveCfg = Debug|Any CPU
		{DBF2D5D5-F3ED-44D7-8499-D2632DEBAB48}.Debug|Any CPU.Build.0 = Debug|Any CPU
		{DBF2D5D5-F3ED-44D7-8499-D2632DEBAB48}.Release|Any CPU.ActiveCfg = Release|Any CPU
		{DBF2D5D5-F3ED-44D7-8499-D2632DEBAB48}.Release|Any CPU.Build.0 = Release|Any CPU
	EndGlobalSection
	GlobalSection(SolutionProperties) = preSolution
		HideSolutionNode = FALSE
	EndGlobalSection
	GlobalSection(ExtensibilityGlobals) = postSolution
		SolutionGuid = {B481D5C6-FE22-4928-A28E-A3B6315D164F}
	EndGlobalSection
EndGlobal
